
Microsoft Visual Studio Solution File, Format Version 12.00
# Visual Studio Version 16
VisualStudioVersion = 16.0.29215.179
MinimumVisualStudioVersion = 10.0.40219.1
Project("{FAE04EC0-301F-11D3-BF4B-00C04F79EFBC}") = "AppCampusPartyDemo.Android", "AppCampusPartyDemo\AppCampusPartyDemo.Android\AppCampusPartyDemo.Android.csproj", "{B8BE67BE-4BEA-41B2-A8A0-210CB1A2A785}"
EndProject
Project("{FAE04EC0-301F-11D3-BF4B-00C04F79EFBC}") = "AppCampusPartyDemo.iOS", "AppCampusPartyDemo\AppCampusPartyDemo.iOS\AppCampusPartyDemo.iOS.csproj", "{544A10DC-9CDF-42E1-9227-342C3B4D7FD6}"
EndProject
Project("{FAE04EC0-301F-11D3-BF4B-00C04F79EFBC}") = "AppCampusPartyDemo", "AppCampusPartyDemo\AppCampusPartyDemo\AppCampusPartyDemo.csproj", "{5612129D-B14E-47D4-89F3-D1641AC1B1E0}"
EndProject
Global
	GlobalSection(SolutionConfigurationPlatforms) = preSolution
		Debug|Any CPU = Debug|Any CPU
		Debug|iPhone = Debug|iPhone
		Debug|iPhoneSimulator = Debug|iPhoneSimulator
		Release|Any CPU = Release|Any CPU
		Release|iPhone = Release|iPhone
		Release|iPhoneSimulator = Release|iPhoneSimulator
	EndGlobalSection
	GlobalSection(ProjectConfigurationPlatforms) = postSolution
		{B8BE67BE-4BEA-41B2-A8A0-210CB1A2A785}.Debug|Any CPU.ActiveCfg = Debug|Any CPU
		{B8BE67BE-4BEA-41B2-A8A0-210CB1A2A785}.Debug|Any CPU.Build.0 = Debug|Any CPU
		{B8BE67BE-4BEA-41B2-A8A0-210CB1A2A785}.Debug|Any CPU.Deploy.0 = Debug|Any CPU
		{B8BE67BE-4BEA-41B2-A8A0-210CB1A2A785}.Debug|iPhone.ActiveCfg = Debug|Any CPU
		{B8BE67BE-4BEA-41B2-A8A0-210CB1A2A785}.Debug|iPhone.Build.0 = Debug|Any CPU
		{B8BE67BE-4BEA-41B2-A8A0-210CB1A2A785}.Debug|iPhone.Deploy.0 = Debug|Any CPU
		{B8BE67BE-4BEA-41B2-A8A0-210CB1A2A785}.Debug|iPhoneSimulator.ActiveCfg = Debug|Any CPU
		{B8BE67BE-4BEA-41B2-A8A0-210CB1A2A785}.Debug|iPhoneSimulator.Build.0 = Debug|Any CPU
		{B8BE67BE-4BEA-41B2-A8A0-210CB1A2A785}.Debug|iPhoneSimulator.Deploy.0 = Debug|Any CPU
		{B8BE67BE-4BEA-41B2-A8A0-210CB1A2A785}.Release|Any CPU.ActiveCfg = Release|Any CPU
		{B8BE67BE-4BEA-41B2-A8A0-210CB1A2A785}.Release|Any CPU.Build.0 = Release|Any CPU
		{B8BE67BE-4BEA-41B2-A8A0-210CB1A2A785}.Release|Any CPU.Deploy.0 = Release|Any CPU
		{B8BE67BE-4BEA-41B2-A8A0-210CB1A2A785}.Release|iPhone.ActiveCfg = Release|Any CPU
		{B8BE67BE-4BEA-41B2-A8A0-210CB1A2A785}.Release|iPhone.Build.0 = Release|Any CPU
		{B8BE67BE-4BEA-41B2-A8A0-210CB1A2A785}.Release|iPhone.Deploy.0 = Release|Any CPU
		{B8BE67BE-4BEA-41B2-A8A0-210CB1A2A785}.Release|iPhoneSimulator.ActiveCfg = Release|Any CPU
		{B8BE67BE-4BEA-41B2-A8A0-210CB1A2A785}.Release|iPhoneSimulator.Build.0 = Release|Any CPU
		{B8BE67BE-4BEA-41B2-A8A0-210CB1A2A785}.Release|iPhoneSimulator.Deploy.0 = Release|Any CPU
		{544A10DC-9CDF-42E1-9227-342C3B4D7FD6}.Debug|Any CPU.ActiveCfg = Debug|iPhoneSimulator
		{544A10DC-9CDF-42E1-9227-342C3B4D7FD6}.Debug|Any CPU.Build.0 = Debug|iPhoneSimulator
		{544A10DC-9CDF-42E1-9227-342C3B4D7FD6}.Debug|Any CPU.Deploy.0 = Debug|iPhoneSimulator
		{544A10DC-9CDF-42E1-9227-342C3B4D7FD6}.Debug|iPhone.ActiveCfg = Debug|iPhone
		{544A10DC-9CDF-42E1-9227-342C3B4D7FD6}.Debug|iPhone.Build.0 = Debug|iPhone
		{544A10DC-9CDF-42E1-9227-342C3B4D7FD6}.Debug|iPhone.Deploy.0 = Debug|iPhone
		{544A10DC-9CDF-42E1-9227-342C3B4D7FD6}.Debug|iPhoneSimulator.ActiveCfg = Debug|iPhoneSimulator
		{544A10DC-9CDF-42E1-9227-342C3B4D7FD6}.Debug|iPhoneSimulator.Build.0 = Debug|iPhoneSimulator
		{544A10DC-9CDF-42E1-9227-342C3B4D7FD6}.Debug|iPhoneSimulator.Deploy.0 = Debug|iPhoneSimulator
		{544A10DC-9CDF-42E1-9227-342C3B4D7FD6}.Release|Any CPU.ActiveCfg = Release|iPhone
		{544A10DC-9CDF-42E1-9227-342C3B4D7FD6}.Release|Any CPU.Build.0 = Release|iPhone
		{544A10DC-9CDF-42E1-9227-342C3B4D7FD6}.Release|Any CPU.Deploy.0 = Release|iPhone
		{544A10DC-9CDF-42E1-9227-342C3B4D7FD6}.Release|iPhone.ActiveCfg = Release|iPhone
		{544A10DC-9CDF-42E1-9227-342C3B4D7FD6}.Release|iPhone.Build.0 = Release|iPhone
		{544A10DC-9CDF-42E1-9227-342C3B4D7FD6}.Release|iPhone.Deploy.0 = Release|iPhone
		{544A10DC-9CDF-42E1-9227-342C3B4D7FD6}.Release|iPhoneSimulator.ActiveCfg = Release|iPhoneSimulator
		{544A10DC-9CDF-42E1-9227-342C3B4D7FD6}.Release|iPhoneSimulator.Build.0 = Release|iPhoneSimulator
		{544A10DC-9CDF-42E1-9227-342C3B4D7FD6}.Release|iPhoneSimulator.Deploy.0 = Release|iPhoneSimulator
		{5612129D-B14E-47D4-89F3-D1641AC1B1E0}.Debug|Any CPU.ActiveCfg = Debug|Any CPU
		{5612129D-B14E-47D4-89F3-D1641AC1B1E0}.Debug|Any CPU.Build.0 = Debug|Any CPU
		{5612129D-B14E-47D4-89F3-D1641AC1B1E0}.Debug|Any CPU.Deploy.0 = Debug|Any CPU
		{5612129D-B14E-47D4-89F3-D1641AC1B1E0}.Debug|iPhone.ActiveCfg = Debug|Any CPU
		{5612129D-B14E-47D4-89F3-D1641AC1B1E0}.Debug|iPhone.Build.0 = Debug|Any CPU
		{5612129D-B14E-47D4-89F3-D1641AC1B1E0}.Debug|iPhone.Deploy.0 = Debug|Any CPU
		{5612129D-B14E-47D4-89F3-D1641AC1B1E0}.Debug|iPhoneSimulator.ActiveCfg = Debug|Any CPU
		{5612129D-B14E-47D4-89F3-D1641AC1B1E0}.Debug|iPhoneSimulator.Build.0 = Debug|Any CPU
		{5612129D-B14E-47D4-89F3-D1641AC1B1E0}.Debug|iPhoneSimulator.Deploy.0 = Debug|Any CPU
		{5612129D-B14E-47D4-89F3-D1641AC1B1E0}.Release|Any CPU.ActiveCfg = Release|Any CPU
		{5612129D-B14E-47D4-89F3-D1641AC1B1E0}.Release|Any CPU.Build.0 = Release|Any CPU
		{5612129D-B14E-47D4-89F3-D1641AC1B1E0}.Release|Any CPU.Deploy.0 = Release|Any CPU
		{5612129D-B14E-47D4-89F3-D1641AC1B1E0}.Release|iPhone.ActiveCfg = Release|Any CPU
		{5612129D-B14E-47D4-89F3-D1641AC1B1E0}.Release|iPhone.Build.0 = Release|Any CPU
		{5612129D-B14E-47D4-89F3-D1641AC1B1E0}.Release|iPhone.Deploy.0 = Release|Any CPU
		{5612129D-B14E-47D4-89F3-D1641AC1B1E0}.Release|iPhoneSimulator.ActiveCfg = Release|Any CPU
		{5612129D-B14E-47D4-89F3-D1641AC1B1E0}.Release|iPhoneSimulator.Build.0 = Release|Any CPU
		{5612129D-B14E-47D4-89F3-D1641AC1B1E0}.Release|iPhoneSimulator.Deploy.0 = Release|Any CPU
	EndGlobalSection
	GlobalSection(SolutionProperties) = preSolution
		HideSolutionNode = FALSE
	EndGlobalSection
	GlobalSection(ExtensibilityGlobals) = postSolution
		SolutionGuid = {8537D8F7-E804-4151-9A09-399AA0615143}
	EndGlobalSection
EndGlobal
